
Microsoft Visual Studio Solution File, Format Version 12.00
# Visual Studio Version 17
VisualStudioVersion = 17.3.32929.385
MinimumVisualStudioVersion = 10.0.40219.1
Project("{FAE04EC0-301F-11D3-BF4B-00C04F79EFBC}") = "Blog.Web", "Blog.Web\Blog.Web.csproj", "{F1927C57-2C58-4EB9-80C9-F5A8EF5D4EAF}"
EndProject
Project("{FAE04EC0-301F-11D3-BF4B-00C04F79EFBC}") = "Blog.Entity", "Blog.Entity\Blog.Entity.csproj", "{71BC02B9-49BC-4B26-9E67-9D947A519C61}"
EndProject
Project("{FAE04EC0-301F-11D3-BF4B-00C04F79EFBC}") = "Blog.Data", "Blog.Data\Blog.Data.csproj", "{7911131E-E9C5-4DA9-80DB-DA01E697B384}"
EndProject
Project("{FAE04EC0-301F-11D3-BF4B-00C04F79EFBC}") = "Blog.Service", "Blog.Service\Blog.Service.csproj", "{45AA6A4F-1C36-40BA-9491-5112BBA69561}"
EndProject
Project("{FAE04EC0-301F-11D3-BF4B-00C04F79EFBC}") = "Blog.Core", "Blog.Core\Blog.Core.csproj", "{89712E2B-15DE-43E4-9B7D-C274E3AB7BAE}"
EndProject
Global
	GlobalSection(SolutionConfigurationPlatforms) = preSolution
		Debug|Any CPU = Debug|Any CPU
		Release|Any CPU = Release|Any CPU
	EndGlobalSection
	GlobalSection(ProjectConfigurationPlatforms) = postSolution
		{F1927C57-2C58-4EB9-80C9-F5A8EF5D4EAF}.Debug|Any CPU.ActiveCfg = Debug|Any CPU
		{F1927C57-2C58-4EB9-80C9-F5A8EF5D4EAF}.Debug|Any CPU.Build.0 = Debug|Any CPU
		{F1927C57-2C58-4EB9-80C9-F5A8EF5D4EAF}.Release|Any CPU.ActiveCfg = Release|Any CPU
		{F1927C57-2C58-4EB9-80C9-F5A8EF5D4EAF}.Release|Any CPU.Build.0 = Release|Any CPU
		{71BC02B9-49BC-4B26-9E67-9D947A519C61}.Debug|Any CPU.ActiveCfg = Debug|Any CPU
		{71BC02B9-49BC-4B26-9E67-9D947A519C61}.Debug|Any CPU.Build.0 = Debug|Any CPU
		{71BC02B9-49BC-4B26-9E67-9D947A519C61}.Release|Any CPU.ActiveCfg = Release|Any CPU
		{71BC02B9-49BC-4B26-9E67-9D947A519C61}.Release|Any CPU.Build.0 = Release|Any CPU
		{7911131E-E9C5-4DA9-80DB-DA01E697B384}.Debug|Any CPU.ActiveCfg = Debug|Any CPU
		{7911131E-E9C5-4DA9-80DB-DA01E697B384}.Debug|Any CPU.Build.0 = Debug|Any CPU
		{7911131E-E9C5-4DA9-80DB-DA01E697B384}.Release|Any CPU.ActiveCfg = Release|Any CPU
		{7911131E-E9C5-4DA9-80DB-DA01E697B384}.Release|Any CPU.Build.0 = Release|Any CPU
		{45AA6A4F-1C36-40BA-9491-5112BBA69561}.Debug|Any CPU.ActiveCfg = Debug|Any CPU
		{45AA6A4F-1C36-40BA-9491-5112BBA69561}.Debug|Any CPU.Build.0 = Debug|Any CPU
		{45AA6A4F-1C36-40BA-9491-5112BBA69561}.Release|Any CPU.ActiveCfg = Release|Any CPU
		{45AA6A4F-1C36-40BA-9491-5112BBA69561}.Release|Any CPU.Build.0 = Release|Any CPU
		{89712E2B-15DE-43E4-9B7D-C274E3AB7BAE}.Debug|Any CPU.ActiveCfg = Debug|Any CPU
		{89712E2B-15DE-43E4-9B7D-C274E3AB7BAE}.Debug|Any CPU.Build.0 = Debug|Any CPU
		{89712E2B-15DE-43E4-9B7D-C274E3AB7BAE}.Release|Any CPU.ActiveCfg = Release|Any CPU
		{89712E2B-15DE-43E4-9B7D-C274E3AB7BAE}.Release|Any CPU.Build.0 = Release|Any CPU
	EndGlobalSection
	GlobalSection(SolutionProperties) = preSolution
		HideSolutionNode = FALSE
	EndGlobalSection
	GlobalSection(ExtensibilityGlobals) = postSolution
		SolutionGuid = {C5382920-27CA-43AB-88C1-B946F944C552}
	EndGlobalSection
EndGlobal
